
Microsoft Visual Studio Solution File, Format Version 12.00
# Visual Studio 14
VisualStudioVersion = 14.0.25420.1
MinimumVisualStudioVersion = 10.0.40219.1
Project("{FAE04EC0-301F-11D3-BF4B-00C04F79EFBC}") = "Projeto 02", "Projeto 02\Projeto 02.csproj", "{532D6FE1-C7E2-4BD6-970A-A7F08ABD25DC}"
EndProject
Global
	GlobalSection(SolutionConfigurationPlatforms) = preSolution
		Debug|Any CPU = Debug|Any CPU
		Release|Any CPU = Release|Any CPU
	EndGlobalSection
	GlobalSection(ProjectConfigurationPlatforms) = postSolution
		{532D6FE1-C7E2-4BD6-970A-A7F08ABD25DC}.Debug|Any CPU.ActiveCfg = Debug|Any CPU
		{532D6FE1-C7E2-4BD6-970A-A7F08ABD25DC}.Debug|Any CPU.Build.0 = Debug|Any CPU
		{532D6FE1-C7E2-4BD6-970A-A7F08ABD25DC}.Release|Any CPU.ActiveCfg = Release|Any CPU
		{532D6FE1-C7E2-4BD6-970A-A7F08ABD25DC}.Release|Any CPU.Build.0 = Release|Any CPU
	EndGlobalSection
	GlobalSection(SolutionProperties) = preSolution
		HideSolutionNode = FALSE
	EndGlobalSection
EndGlobal
